// !$*UTF8*$!
{
	archiveVersion = 1;
	classes = {
	};
	objectVersion = 56;
	objects = {

/* Begin PBXBuildFile section */
		C58CB50C2B438C5B00A79E9A /* ArdalanWeatherAppApp.swift in Sources */ = {isa = PBXBuildFile; fileRef = C58CB50B2B438C5B00A79E9A /* ArdalanWeatherAppApp.swift */; };
		C58CB50E2B438C5B00A79E9A /* ContentView.swift in Sources */ = {isa = PBXBuildFile; fileRef = C58CB50D2B438C5B00A79E9A /* ContentView.swift */; };
		C58CB5102B438C5C00A79E9A /* Assets.xcassets in Resources */ = {isa = PBXBuildFile; fileRef = C58CB50F2B438C5C00A79E9A /* Assets.xcassets */; };
		C58CB5132B438C5C00A79E9A /* Preview Assets.xcassets in Resources */ = {isa = PBXBuildFile; fileRef = C58CB5122B438C5C00A79E9A /* Preview Assets.xcassets */; };
		C58CB51B2B438E7800A79E9A /* LocationManager.swift in Sources */ = {isa = PBXBuildFile; fileRef = C58CB51A2B438E7800A79E9A /* LocationManager.swift */; };
		C58CB51E2B4392A100A79E9A /* WelcomeView.swift in Sources */ = {isa = PBXBuildFile; fileRef = C58CB51D2B4392A100A79E9A /* WelcomeView.swift */; };
		C58CB5202B4397EB00A79E9A /* LoadingView.swift in Sources */ = {isa = PBXBuildFile; fileRef = C58CB51F2B4397EB00A79E9A /* LoadingView.swift */; };
		C5BBECEA2B44B339002E52B0 /* WeatherManager.swift in Sources */ = {isa = PBXBuildFile; fileRef = C5BBECE92B44B339002E52B0 /* WeatherManager.swift */; };
		C5BBECEC2B44C053002E52B0 /* WeatherView.swift in Sources */ = {isa = PBXBuildFile; fileRef = C5BBECEB2B44C053002E52B0 /* WeatherView.swift */; };
		C5BBECEE2B44C099002E52B0 /* ModelData.swift in Sources */ = {isa = PBXBuildFile; fileRef = C5BBECED2B44C099002E52B0 /* ModelData.swift */; };
		C5BBECF02B44C14B002E52B0 /* weatherData.json in Resources */ = {isa = PBXBuildFile; fileRef = C5BBECEF2B44C14B002E52B0 /* weatherData.json */; };
		C5BBECF22B44C6C1002E52B0 /* Extensions.swift in Sources */ = {isa = PBXBuildFile; fileRef = C5BBECF12B44C6C1002E52B0 /* Extensions.swift */; };
		C5BBECF52B44E026002E52B0 /* WeatherRow.swift in Sources */ = {isa = PBXBuildFile; fileRef = C5BBECF42B44E026002E52B0 /* WeatherRow.swift */; };
/* End PBXBuildFile section */

/* Begin PBXFileReference section */
		C58CB5082B438C5B00A79E9A /* ArdalanWeatherApp.app */ = {isa = PBXFileReference; explicitFileType = wrapper.application; includeInIndex = 0; path = ArdalanWeatherApp.app; sourceTree = BUILT_PRODUCTS_DIR; };
		C58CB50B2B438C5B00A79E9A /* ArdalanWeatherAppApp.swift */ = {isa = PBXFileReference; lastKnownFileType = sourcecode.swift; path = ArdalanWeatherAppApp.swift; sourceTree = "<group>"; };
		C58CB50D2B438C5B00A79E9A /* ContentView.swift */ = {isa = PBXFileReference; lastKnownFileType = sourcecode.swift; path = ContentView.swift; sourceTree = "<group>"; };
		C58CB50F2B438C5C00A79E9A /* Assets.xcassets */ = {isa = PBXFileReference; lastKnownFileType = folder.assetcatalog; path = Assets.xcassets; sourceTree = "<group>"; };
		C58CB5122B438C5C00A79E9A /* Preview Assets.xcassets */ = {isa = PBXFileReference; lastKnownFileType = folder.assetcatalog; path = "Preview Assets.xcassets"; sourceTree = "<group>"; };
		C58CB51A2B438E7800A79E9A /* LocationManager.swift */ = {isa = PBXFileReference; lastKnownFileType = sourcecode.swift; path = LocationManager.swift; sourceTree = "<group>"; };
		C58CB51D2B4392A100A79E9A /* WelcomeView.swift */ = {isa = PBXFileReference; lastKnownFileType = sourcecode.swift; path = WelcomeView.swift; sourceTree = "<group>"; };
		C58CB51F2B4397EB00A79E9A /* LoadingView.swift */ = {isa = PBXFileReference; lastKnownFileType = sourcecode.swift; path = LoadingView.swift; sourceTree = "<group>"; };
		C5BBECE92B44B339002E52B0 /* WeatherManager.swift */ = {isa = PBXFileReference; lastKnownFileType = sourcecode.swift; path = WeatherManager.swift; sourceTree = "<group>"; };
		C5BBECEB2B44C053002E52B0 /* WeatherView.swift */ = {isa = PBXFileReference; lastKnownFileType = sourcecode.swift; path = WeatherView.swift; sourceTree = "<group>"; };
		C5BBECED2B44C099002E52B0 /* ModelData.swift */ = {isa = PBXFileReference; lastKnownFileType = sourcecode.swift; path = ModelData.swift; sourceTree = "<group>"; };
		C5BBECEF2B44C14B002E52B0 /* weatherData.json */ = {isa = PBXFileReference; lastKnownFileType = text.json; path = weatherData.json; sourceTree = "<group>"; };
		C5BBECF12B44C6C1002E52B0 /* Extensions.swift */ = {isa = PBXFileReference; lastKnownFileType = sourcecode.swift; path = Extensions.swift; sourceTree = "<group>"; };
		C5BBECF42B44E026002E52B0 /* WeatherRow.swift */ = {isa = PBXFileReference; lastKnownFileType = sourcecode.swift; path = WeatherRow.swift; sourceTree = "<group>"; };
/* End PBXFileReference section */

/* Begin PBXFrameworksBuildPhase section */
		C58CB5052B438C5B00A79E9A /* Frameworks */ = {
			isa = PBXFrameworksBuildPhase;
			buildActionMask = 2147483647;
			files = (
			);
			runOnlyForDeploymentPostprocessing = 0;
		};
/* End PBXFrameworksBuildPhase section */

/* Begin PBXGroup section */
		C58CB4FF2B438C5B00A79E9A = {
			isa = PBXGroup;
			children = (
				C58CB50A2B438C5B00A79E9A /* ArdalanWeatherApp */,
				C58CB5092B438C5B00A79E9A /* Products */,
			);
			sourceTree = "<group>";
		};
		C58CB5092B438C5B00A79E9A /* Products */ = {
			isa = PBXGroup;
			children = (
				C58CB5082B438C5B00A79E9A /* ArdalanWeatherApp.app */,
			);
			name = Products;
			sourceTree = "<group>";
		};
		C58CB50A2B438C5B00A79E9A /* ArdalanWeatherApp */ = {
			isa = PBXGroup;
			children = (
				C5BBECF32B44E002002E52B0 /* Component */,
				C58CB51C2B43923200A79E9A /* Views */,
				C58CB5192B438E4900A79E9A /* Managers */,
				C58CB50B2B438C5B00A79E9A /* ArdalanWeatherAppApp.swift */,
				C58CB50F2B438C5C00A79E9A /* Assets.xcassets */,
				C58CB5112B438C5C00A79E9A /* Preview Content */,
				C5BBECF12B44C6C1002E52B0 /* Extensions.swift */,
			);
			path = ArdalanWeatherApp;
			sourceTree = "<group>";
		};
		C58CB5112B438C5C00A79E9A /* Preview Content */ = {
			isa = PBXGroup;
			children = (
				C58CB5122B438C5C00A79E9A /* Preview Assets.xcassets */,
				C5BBECED2B44C099002E52B0 /* ModelData.swift */,
				C5BBECEF2B44C14B002E52B0 /* weatherData.json */,
			);
			path = "Preview Content";
			sourceTree = "<group>";
		};
		C58CB5192B438E4900A79E9A /* Managers */ = {
			isa = PBXGroup;
			children = (
				C58CB51A2B438E7800A79E9A /* LocationManager.swift */,
				C5BBECE92B44B339002E52B0 /* WeatherManager.swift */,
			);
			path = Managers;
			sourceTree = "<group>";
		};
		C58CB51C2B43923200A79E9A /* Views */ = {
			isa = PBXGroup;
			children = (
				C58CB50D2B438C5B00A79E9A /* ContentView.swift */,
				C58CB51D2B4392A100A79E9A /* WelcomeView.swift */,
				C58CB51F2B4397EB00A79E9A /* LoadingView.swift */,
				C5BBECEB2B44C053002E52B0 /* WeatherView.swift */,
			);
			path = Views;
			sourceTree = "<group>";
		};
		C5BBECF32B44E002002E52B0 /* Component */ = {
			isa = PBXGroup;
			children = (
				C5BBECF42B44E026002E52B0 /* WeatherRow.swift */,
			);
			path = Component;
			sourceTree = "<group>";
		};
/* End PBXGroup section */

/* Begin PBXNativeTarget section */
		C58CB5072B438C5B00A79E9A /* ArdalanWeatherApp */ = {
			isa = PBXNativeTarget;
			buildConfigurationList = C58CB5162B438C5C00A79E9A /* Build configuration list for PBXNativeTarget "ArdalanWeatherApp" */;
			buildPhases = (
				C58CB5042B438C5B00A79E9A /* Sources */,
				C58CB5052B438C5B00A79E9A /* Frameworks */,
				C58CB5062B438C5B00A79E9A /* Resources */,
			);
			buildRules = (
			);
			dependencies = (
			);
			name = ArdalanWeatherApp;
			productName = ArdalanWeatherApp;
			productReference = C58CB5082B438C5B00A79E9A /* ArdalanWeatherApp.app */;
			productType = "com.apple.product-type.application";
		};
/* End PBXNativeTarget section */

/* Begin PBXProject section */
		C58CB5002B438C5B00A79E9A /* Project object */ = {
			isa = PBXProject;
			attributes = {
				BuildIndependentTargetsInParallel = 1;
				LastSwiftUpdateCheck = 1510;
				LastUpgradeCheck = 1510;
				TargetAttributes = {
					C58CB5072B438C5B00A79E9A = {
						CreatedOnToolsVersion = 15.1;
					};
				};
			};
			buildConfigurationList = C58CB5032B438C5B00A79E9A /* Build configuration list for PBXProject "ArdalanWeatherApp" */;
			compatibilityVersion = "Xcode 14.0";
			developmentRegion = en;
			hasScannedForEncodings = 0;
			knownRegions = (
				en,
				Base,
			);
			mainGroup = C58CB4FF2B438C5B00A79E9A;
			productRefGroup = C58CB5092B438C5B00A79E9A /* Products */;
			projectDirPath = "";
			projectRoot = "";
			targets = (
				C58CB5072B438C5B00A79E9A /* ArdalanWeatherApp */,
			);
		};
/* End PBXProject section */

/* Begin PBXResourcesBuildPhase section */
		C58CB5062B438C5B00A79E9A /* Resources */ = {
			isa = PBXResourcesBuildPhase;
			buildActionMask = 2147483647;
			files = (
				C58CB5132B438C5C00A79E9A /* Preview Assets.xcassets in Resources */,
				C5BBECF02B44C14B002E52B0 /* weatherData.json in Resources */,
				C58CB5102B438C5C00A79E9A /* Assets.xcassets in Resources */,
			);
			runOnlyForDeploymentPostprocessing = 0;
		};
/* End PBXResourcesBuildPhase section */

/* Begin PBXSourcesBuildPhase section */
		C58CB5042B438C5B00A79E9A /* Sources */ = {
			isa = PBXSourcesBuildPhase;
			buildActionMask = 2147483647;
			files = (
				C5BBECEA2B44B339002E52B0 /* WeatherManager.swift in Sources */,
				C5BBECF22B44C6C1002E52B0 /* Extensions.swift in Sources */,
				C58CB50E2B438C5B00A79E9A /* ContentView.swift in Sources */,
				C58CB50C2B438C5B00A79E9A /* ArdalanWeatherAppApp.swift in Sources */,
				C58CB51B2B438E7800A79E9A /* LocationManager.swift in Sources */,
				C5BBECF52B44E026002E52B0 /* WeatherRow.swift in Sources */,
				C58CB5202B4397EB00A79E9A /* LoadingView.swift in Sources */,
				C5BBECEE2B44C099002E52B0 /* ModelData.swift in Sources */,
				C5BBECEC2B44C053002E52B0 /* WeatherView.swift in Sources */,
				C58CB51E2B4392A100A79E9A /* WelcomeView.swift in Sources */,
			);
			runOnlyForDeploymentPostprocessing = 0;
		};
/* End PBXSourcesBuildPhase section */

/* Begin XCBuildConfiguration section */
		C58CB5142B438C5C00A79E9A /* Debug */ = {
			isa = XCBuildConfiguration;
			buildSettings = {
				ALWAYS_SEARCH_USER_PATHS = NO;
				ASSETCATALOG_COMPILER_GENERATE_SWIFT_ASSET_SYMBOL_EXTENSIONS = YES;
				CLANG_ANALYZER_NONNULL = YES;
				CLANG_ANALYZER_NUMBER_OBJECT_CONVERSION = YES_AGGRESSIVE;
				CLANG_CXX_LANGUAGE_STANDARD = "gnu++20";
				CLANG_ENABLE_MODULES = YES;
				CLANG_ENABLE_OBJC_ARC = YES;
				CLANG_ENABLE_OBJC_WEAK = YES;
				CLANG_WARN_BLOCK_CAPTURE_AUTORELEASING = YES;
				CLANG_WARN_BOOL_CONVERSION = YES;
				CLANG_WARN_COMMA = YES;
				CLANG_WARN_CONSTANT_CONVERSION = YES;
				CLANG_WARN_DEPRECATED_OBJC_IMPLEMENTATIONS = YES;
				CLANG_WARN_DIRECT_OBJC_ISA_USAGE = YES_ERROR;
				CLANG_WARN_DOCUMENTATION_COMMENTS = YES;
				CLANG_WARN_EMPTY_BODY = YES;
				CLANG_WARN_ENUM_CONVERSION = YES;
				CLANG_WARN_INFINITE_RECURSION = YES;
				CLANG_WARN_INT_CONVERSION = YES;
				CLANG_WARN_NON_LITERAL_NULL_CONVERSION = YES;
				CLANG_WARN_OBJC_IMPLICIT_RETAIN_SELF = YES;
				CLANG_WARN_OBJC_LITERAL_CONVERSION = YES;
				CLANG_WARN_OBJC_ROOT_CLASS = YES_ERROR;
				CLANG_WARN_QUOTED_INCLUDE_IN_FRAMEWORK_HEADER = YES;
				CLANG_WARN_RANGE_LOOP_ANALYSIS = YES;
				CLANG_WARN_STRICT_PROTOTYPES = YES;
				CLANG_WARN_SUSPICIOUS_MOVE = YES;
				CLANG_WARN_UNGUARDED_AVAILABILITY = YES_AGGRESSIVE;
				CLANG_WARN_UNREACHABLE_CODE = YES;
				CLANG_WARN__DUPLICATE_METHOD_MATCH = YES;
				COPY_PHASE_STRIP = NO;
				DEBUG_INFORMATION_FORMAT = dwarf;
				ENABLE_STRICT_OBJC_MSGSEND = YES;
				ENABLE_TESTABILITY = YES;
				ENABLE_USER_SCRIPT_SANDBOXING = YES;
				GCC_C_LANGUAGE_STANDARD = gnu17;
				GCC_DYNAMIC_NO_PIC = NO;
				GCC_NO_COMMON_BLOCKS = YES;
				GCC_OPTIMIZATION_LEVEL = 0;
				GCC_PREPROCESSOR_DEFINITIONS = (
					"DEBUG=1",
					"$(inherited)",
				);
				GCC_WARN_64_TO_32_BIT_CONVERSION = YES;
				GCC_WARN_ABOUT_RETURN_TYPE = YES_ERROR;
				GCC_WARN_UNDECLARED_SELECTOR = YES;
				GCC_WARN_UNINITIALIZED_AUTOS = YES_AGGRESSIVE;
				GCC_WARN_UNUSED_FUNCTION = YES;
				GCC_WARN_UNUSED_VARIABLE = YES;
				IPHONEOS_DEPLOYMENT_TARGET = 17.2;
				LOCALIZATION_PREFERS_STRING_CATALOGS = YES;
				MTL_ENABLE_DEBUG_INFO = INCLUDE_SOURCE;
				MTL_FAST_MATH = YES;
				ONLY_ACTIVE_ARCH = YES;
				SDKROOT = iphoneos;
				SWIFT_ACTIVE_COMPILATION_CONDITIONS = "DEBUG $(inherited)";
				SWIFT_OPTIMIZATION_LEVEL = "-Onone";
			};
			name = Debug;
		};
		C58CB5152B438C5C00A79E9A /* Release */ = {
			isa = XCBuildConfiguration;
			buildSettings = {
				ALWAYS_SEARCH_USER_PATHS = NO;
				ASSETCATALOG_COMPILER_GENERATE_SWIFT_ASSET_SYMBOL_EXTENSIONS = YES;
				CLANG_ANALYZER_NONNULL = YES;
				CLANG_ANALYZER_NUMBER_OBJECT_CONVERSION = YES_AGGRESSIVE;
				CLANG_CXX_LANGUAGE_STANDARD = "gnu++20";
				CLANG_ENABLE_MODULES = YES;
				CLANG_ENABLE_OBJC_ARC = YES;
				CLANG_ENABLE_OBJC_WEAK = YES;
				CLANG_WARN_BLOCK_CAPTURE_AUTORELEASING = YES;
				CLANG_WARN_BOOL_CONVERSION = YES;
				CLANG_WARN_COMMA = YES;
				CLANG_WARN_CONSTANT_CONVERSION = YES;
				CLANG_WARN_DEPRECATED_OBJC_IMPLEMENTATIONS = YES;
				CLANG_WARN_DIRECT_OBJC_ISA_USAGE = YES_ERROR;
				CLANG_WARN_DOCUMENTATION_COMMENTS = YES;
				CLANG_WARN_EMPTY_BODY = YES;
				CLANG_WARN_ENUM_CONVERSION = YES;
				CLANG_WARN_INFINITE_RECURSION = YES;
				CLANG_WARN_INT_CONVERSION = YES;
				CLANG_WARN_NON_LITERAL_NULL_CONVERSION = YES;
				CLANG_WARN_OBJC_IMPLICIT_RETAIN_SELF = YES;
				CLANG_WARN_OBJC_LITERAL_CONVERSION = YES;
				CLANG_WARN_OBJC_ROOT_CLASS = YES_ERROR;
				CLANG_WARN_QUOTED_INCLUDE_IN_FRAMEWORK_HEADER = YES;
				CLANG_WARN_RANGE_LOOP_ANALYSIS = YES;
				CLANG_WARN_STRICT_PROTOTYPES = YES;
				CLANG_WARN_SUSPICIOUS_MOVE = YES;
				CLANG_WARN_UNGUARDED_AVAILABILITY = YES_AGGRESSIVE;
				CLANG_WARN_UNREACHABLE_CODE = YES;
				CLANG_WARN__DUPLICATE_METHOD_MATCH = YES;
				COPY_PHASE_STRIP = NO;
				DEBUG_INFORMATION_FORMAT = "dwarf-with-dsym";
				ENABLE_NS_ASSERTIONS = NO;
				ENABLE_STRICT_OBJC_MSGSEND = YES;
				ENABLE_USER_SCRIPT_SANDBOXING = YES;
				GCC_C_LANGUAGE_STANDARD = gnu17;
				GCC_NO_COMMON_BLOCKS = YES;
				GCC_WARN_64_TO_32_BIT_CONVERSION = YES;
				GCC_WARN_ABOUT_RETURN_TYPE = YES_ERROR;
				GCC_WARN_UNDECLARED_SELECTOR = YES;
				GCC_WARN_UNINITIALIZED_AUTOS = YES_AGGRESSIVE;
				GCC_WARN_UNUSED_FUNCTION = YES;
				GCC_WARN_UNUSED_VARIABLE = YES;
				IPHONEOS_DEPLOYMENT_TARGET = 17.2;
				LOCALIZATION_PREFERS_STRING_CATALOGS = YES;
				MTL_ENABLE_DEBUG_INFO = NO;
				MTL_FAST_MATH = YES;
				SDKROOT = iphoneos;
				SWIFT_COMPILATION_MODE = wholemodule;
				VALIDATE_PRODUCT = YES;
			};
			name = Release;
		};
		C58CB5172B438C5C00A79E9A /* Debug */ = {
			isa = XCBuildConfiguration;
			buildSettings = {
				ASSETCATALOG_COMPILER_APPICON_NAME = AppIcon;
				ASSETCATALOG_COMPILER_GLOBAL_ACCENT_COLOR_NAME = AccentColor;
				CODE_SIGN_STYLE = Automatic;
				CURRENT_PROJECT_VERSION = 1;
				DEVELOPMENT_ASSET_PATHS = "\"ArdalanWeatherApp/Preview Content\"";
				DEVELOPMENT_TEAM = C86NLZGLSG;
				ENABLE_PREVIEWS = YES;
				GENERATE_INFOPLIST_FILE = YES;
				INFOPLIST_KEY_UIApplicationSceneManifest_Generation = YES;
				INFOPLIST_KEY_UIApplicationSupportsIndirectInputEvents = YES;
				INFOPLIST_KEY_UILaunchScreen_Generation = YES;
				INFOPLIST_KEY_UISupportedInterfaceOrientations_iPad = "UIInterfaceOrientationPortrait UIInterfaceOrientationPortraitUpsideDown UIInterfaceOrientationLandscapeLeft UIInterfaceOrientationLandscapeRight";
				INFOPLIST_KEY_UISupportedInterfaceOrientations_iPhone = "UIInterfaceOrientationPortrait UIInterfaceOrientationLandscapeLeft UIInterfaceOrientationLandscapeRight";
				LD_RUNPATH_SEARCH_PATHS = (
					"$(inherited)",
					"@executable_path/Frameworks",
				);
				MARKETING_VERSION = 1.0;
				PRODUCT_BUNDLE_IDENTIFIER = ardalan.ArdalanWeatherApp;
				PRODUCT_NAME = "$(TARGET_NAME)";
				SWIFT_EMIT_LOC_STRINGS = YES;
				SWIFT_VERSION = 5.0;
				TARGETED_DEVICE_FAMILY = "1,2";
			};
			name = Debug;
		};
		C58CB5182B438C5C00A79E9A /* Release */ = {
			isa = XCBuildConfiguration;
			buildSettings = {
				ASSETCATALOG_COMPILER_APPICON_NAME = AppIcon;
				ASSETCATALOG_COMPILER_GLOBAL_ACCENT_COLOR_NAME = AccentColor;
				CODE_SIGN_STYLE = Automatic;
				CURRENT_PROJECT_VERSION = 1;
				DEVELOPMENT_ASSET_PATHS = "\"ArdalanWeatherApp/Preview Content\"";
				DEVELOPMENT_TEAM = C86NLZGLSG;
				ENABLE_PREVIEWS = YES;
				GENERATE_INFOPLIST_FILE = YES;
				INFOPLIST_KEY_UIApplicationSceneManifest_Generation = YES;
				INFOPLIST_KEY_UIApplicationSupportsIndirectInputEvents = YES;
				INFOPLIST_KEY_UILaunchScreen_Generation = YES;
				INFOPLIST_KEY_UISupportedInterfaceOrientations_iPad = "UIInterfaceOrientationPortrait UIInterfaceOrientationPortraitUpsideDown UIInterfaceOrientationLandscapeLeft UIInterfaceOrientationLandscapeRight";
				INFOPLIST_KEY_UISupportedInterfaceOrientations_iPhone = "UIInterfaceOrientationPortrait UIInterfaceOrientationLandscapeLeft UIInterfaceOrientationLandscapeRight";
				LD_RUNPATH_SEARCH_PATHS = (
					"$(inherited)",
					"@executable_path/Frameworks",
				);
				MARKETING_VERSION = 1.0;
				PRODUCT_BUNDLE_IDENTIFIER = ardalan.ArdalanWeatherApp;
				PRODUCT_NAME = "$(TARGET_NAME)";
				SWIFT_EMIT_LOC_STRINGS = YES;
				SWIFT_VERSION = 5.0;
				TARGETED_DEVICE_FAMILY = "1,2";
			};
			name = Release;
		};
/* End XCBuildConfiguration section */

/* Begin XCConfigurationList section */
		C58CB5032B438C5B00A79E9A /* Build configuration list for PBXProject "ArdalanWeatherApp" */ = {
			isa = XCConfigurationList;
			buildConfigurations = (
				C58CB5142B438C5C00A79E9A /* Debug */,
				C58CB5152B438C5C00A79E9A /* Release */,
			);
			defaultConfigurationIsVisible = 0;
			defaultConfigurationName = Release;
		};
		C58CB5162B438C5C00A79E9A /* Build configuration list for PBXNativeTarget "ArdalanWeatherApp" */ = {
			isa = XCConfigurationList;
			buildConfigurations = (
				C58CB5172B438C5C00A79E9A /* Debug */,
				C58CB5182B438C5C00A79E9A /* Release */,
			);
			defaultConfigurationIsVisible = 0;
			defaultConfigurationName = Release;
		};
/* End XCConfigurationList section */
	};
	rootObject = C58CB5002B438C5B00A79E9A /* Project object */;
}
